
Microsoft Visual Studio Solution File, Format Version 12.00
# Visual Studio Version 17
VisualStudioVersion = 17.10.35004.147
MinimumVisualStudioVersion = 10.0.40219.1
Project("{54A90642-561A-4BB1-A94E-469ADEE60C69}") = "AngularRouteGuards", "AngularRouteGuards.esproj", "{A0927FD1-6F56-4EFD-A715-467549C5A4BB}"
EndProject
Global
	GlobalSection(SolutionConfigurationPlatforms) = preSolution
		Debug|Any CPU = Debug|Any CPU
		Release|Any CPU = Release|Any CPU
	EndGlobalSection
	GlobalSection(ProjectConfigurationPlatforms) = postSolution
		{A0927FD1-6F56-4EFD-A715-467549C5A4BB}.Debug|Any CPU.ActiveCfg = Debug|Any CPU
		{A0927FD1-6F56-4EFD-A715-467549C5A4BB}.Debug|Any CPU.Build.0 = Debug|Any CPU
		{A0927FD1-6F56-4EFD-A715-467549C5A4BB}.Debug|Any CPU.Deploy.0 = Debug|Any CPU
		{A0927FD1-6F56-4EFD-A715-467549C5A4BB}.Release|Any CPU.ActiveCfg = Release|Any CPU
		{A0927FD1-6F56-4EFD-A715-467549C5A4BB}.Release|Any CPU.Build.0 = Release|Any CPU
		{A0927FD1-6F56-4EFD-A715-467549C5A4BB}.Release|Any CPU.Deploy.0 = Release|Any CPU
	EndGlobalSection
	GlobalSection(SolutionProperties) = preSolution
		HideSolutionNode = FALSE
	EndGlobalSection
	GlobalSection(ExtensibilityGlobals) = postSolution
		SolutionGuid = {127FBEE2-B6ED-4F67-B5B3-EFA1236C90A0}
	EndGlobalSection
EndGlobal
